
Microsoft Visual Studio Solution File, Format Version 12.00
# Visual Studio Version 17
VisualStudioVersion = 17.4.33213.308
MinimumVisualStudioVersion = 10.0.40219.1
Project("{FAE04EC0-301F-11D3-BF4B-00C04F79EFBC}") = "TreeGridSample", "TreeGridSample.csproj", "{5EE5C2BF-782D-4C23-87BA-4F3E84557EEF}"
EndProject
Global
	GlobalSection(SolutionConfigurationPlatforms) = preSolution
		Debug|Any CPU = Debug|Any CPU
		Release|Any CPU = Release|Any CPU
	EndGlobalSection
	GlobalSection(ProjectConfigurationPlatforms) = postSolution
		{5EE5C2BF-782D-4C23-87BA-4F3E84557EEF}.Debug|Any CPU.ActiveCfg = Debug|Any CPU
		{5EE5C2BF-782D-4C23-87BA-4F3E84557EEF}.Debug|Any CPU.Build.0 = Debug|Any CPU
		{5EE5C2BF-782D-4C23-87BA-4F3E84557EEF}.Release|Any CPU.ActiveCfg = Release|Any CPU
		{5EE5C2BF-782D-4C23-87BA-4F3E84557EEF}.Release|Any CPU.Build.0 = Release|Any CPU
	EndGlobalSection
	GlobalSection(SolutionProperties) = preSolution
		HideSolutionNode = FALSE
	EndGlobalSection
	GlobalSection(ExtensibilityGlobals) = postSolution
		SolutionGuid = {FFB9E481-98BE-48FD-A1BC-21ED7DCE8E09}
	EndGlobalSection
EndGlobal
